{
  "name": "@m-sanchez/clean-room-guard",
  "version": "2.0.1",
  "lockfileVersion": 3,
  "requires": true,
  "packages": {
    "": {
      "name": "@m-sanchez/clean-room-guard",
      "version": "2.0.1",
      "license": "MIT",
      "bin": {
        "clean-room-guard": "bin/clean-room-guard.mjs"
      },
      "engines": {
        "node": ">=18"
      }
    }
  }
}
